<Project xmlns="http://schemas.microsoft.com/developer/msbuild/2003">
  <PropertyGroup>
    <ProjectGuid>{0fdbac77-14ca-434e-9111-8bac4cadad83}</ProjectGuid>
    <MainSource>AppCliente.dpr</MainSource>
    <Configuration Condition=" '$(Configuration)' == '' ">Debug</Configuration>
    <Platform Condition=" '$(Platform)' == '' ">AnyCPU</Platform>
    <DCC_DCCCompiler>DCC32</DCC_DCCCompiler>
    <DCC_DependencyCheckOutputName>OutPut\AppCliente.exe</DCC_DependencyCheckOutputName>
  </PropertyGroup>
  <PropertyGroup Condition=" '$(Configuration)|$(Platform)' == 'Release|AnyCPU' ">
    <Version>7.0</Version>
    <DCC_DebugInformation>False</DCC_DebugInformation>
    <DCC_LocalDebugSymbols>False</DCC_LocalDebugSymbols>
    <DCC_SymbolReferenceInfo>0</DCC_SymbolReferenceInfo>
    <DCC_Define>RELEASE</DCC_Define>
    <DCC_ExeOutput>.\output</DCC_ExeOutput>
    <DCC_DcuOutput>.\output\dcu</DCC_DcuOutput>
    <DCC_ObjOutput>.\output\dcu</DCC_ObjOutput>
    <DCC_HppOutput>.\output\dcu</DCC_HppOutput>
    <DCC_DcpOutput>.\output\dcp</DCC_DcpOutput>
    <DCC_UnitSearchPath>.\output;.\output\dcu;.\output\dcp</DCC_UnitSearchPath>
    <DCC_ResourcePath>.\output;.\output\dcu;.\output\dcp</DCC_ResourcePath>
    <DCC_ObjPath>.\output;.\output\dcu;.\output\dcp</DCC_ObjPath>
    <DCC_IncludePath>.\output;.\output\dcu;.\output\dcp</DCC_IncludePath>
  </PropertyGroup>
  <PropertyGroup Condition=" '$(Configuration)|$(Platform)' == 'Debug|AnyCPU' ">
    <Version>7.0</Version>
    <DCC_Define>DEBUG</DCC_Define>
    <DCC_ExeOutput>.\OutPut</DCC_ExeOutput>
    <DCC_DcuOutput>.\output\dcu</DCC_DcuOutput>
    <DCC_ObjOutput>.\output\dcu</DCC_ObjOutput>
    <DCC_HppOutput>.\output\dcu</DCC_HppOutput>
    <DCC_DcpOutput>.\output\dcp</DCC_DcpOutput>
    <DCC_UnitSearchPath>.\output;.\output\dcu;.\output\dcp</DCC_UnitSearchPath>
    <DCC_ResourcePath>.\output;.\output\dcu;.\output\dcp</DCC_ResourcePath>
    <DCC_ObjPath>.\output;.\output\dcu;.\output\dcp</DCC_ObjPath>
    <DCC_IncludePath>.\output;.\output\dcu;.\output\dcp</DCC_IncludePath>
  </PropertyGroup>
  <ProjectExtensions>
    <Borland.Personality>Delphi.Personality</Borland.Personality>
    <Borland.ProjectType>VCLApplication</Borland.ProjectType>
    <BorlandProject>
<BorlandProject><Delphi.Personality><Parameters><Parameters Name="UseLauncher">False</Parameters><Parameters Name="LoadAllSymbols">True</Parameters><Parameters Name="LoadUnspecifiedSymbols">False</Parameters></Parameters><VersionInfo><VersionInfo Name="IncludeVerInfo">True</VersionInfo><VersionInfo Name="AutoIncBuild">False</VersionInfo><VersionInfo Name="MajorVer">1</VersionInfo><VersionInfo Name="MinorVer">0</VersionInfo><VersionInfo Name="Release">0</VersionInfo><VersionInfo Name="Build">0</VersionInfo><VersionInfo Name="Debug">False</VersionInfo><VersionInfo Name="PreRelease">False</VersionInfo><VersionInfo Name="Special">False</VersionInfo><VersionInfo Name="Private">False</VersionInfo><VersionInfo Name="DLL">False</VersionInfo><VersionInfo Name="Locale">1033</VersionInfo><VersionInfo Name="CodePage">1252</VersionInfo></VersionInfo><VersionInfoKeys><VersionInfoKeys Name="CompanyName">Ing. Rodolfo A. Jimenez B.</VersionInfoKeys><VersionInfoKeys Name="FileDescription">AppCliente</VersionInfoKeys><VersionInfoKeys Name="FileVersion">1.0.0.0</VersionInfoKeys><VersionInfoKeys Name="InternalName">AppCliente</VersionInfoKeys><VersionInfoKeys Name="LegalCopyright">Ing. Rodolfo A. Jimenez B.</VersionInfoKeys><VersionInfoKeys Name="LegalTrademarks">Ing. Rodolfo A. Jimenez B.</VersionInfoKeys><VersionInfoKeys Name="OriginalFilename">AppCliente</VersionInfoKeys><VersionInfoKeys Name="ProductName">AppCliente</VersionInfoKeys><VersionInfoKeys Name="ProductVersion">1.0.0.0</VersionInfoKeys><VersionInfoKeys Name="Comments"></VersionInfoKeys><VersionInfoKeys Name="ProgramID">com.embarcadero.AppCliente</VersionInfoKeys></VersionInfoKeys><Excluded_Packages>
      <Excluded_Packages Name="$(BDS)\bin\dclofficexp100.bpl">Microsoft Office XP Sample Automation Server Wrapper Components</Excluded_Packages>
    </Excluded_Packages><Source><Source Name="MainSource">AppCliente.dpr</Source></Source></Delphi.Personality></BorlandProject></BorlandProject>
  </ProjectExtensions>
  <Import Project="$(MSBuildBinPath)\Borland.Delphi.Targets" />
  <ItemGroup>
    <DelphiCompile Include="AppCliente.dpr">
      <MainSource>MainSource</MainSource>
    </DelphiCompile>
    <DCCReference Include="CustomMsgDlg.pas" />
    <DCCReference Include="Json\superobject.pas" />
    <DCCReference Include="Json\supertypes.pas" />
    <DCCReference Include="ServidorDatos_TLB.pas" />
    <DCCReference Include="uComunes\ufunciones.pas" />
    <DCCReference Include="uDatamodule.pas">
      <Form>dmCliente</Form>
      <DesignClass>TDataModule</DesignClass>
    </DCCReference>
    <DCCReference Include="ufrmClienteAPI.pas">
      <Form>frmClienteAPI</Form>
    </DCCReference>
    <DCCReference Include="uFrmClientes.pas">
      <Form>FrmClientes</Form>
    </DCCReference>
    <DCCReference Include="ufrmFactura.pas">
      <Form>frmFactura</Form>
    </DCCReference>
    <DCCReference Include="uFrmPrincipal.pas">
      <Form>FrmPrincipal</Form>
    </DCCReference>
    <DCCReference Include="ufrmProductos.pas">
      <Form>frmProductos</Form>
    </DCCReference>
    <DCCReference Include="ufrmRegFactura.pas">
      <Form>FrmRegFactura</Form>
    </DCCReference>
    <DCCReference Include="ufrmViewFactura.pas">
      <Form>FrmViewFactura</Form>
    </DCCReference>
  </ItemGroup>
</Project>